// !$*UTF8*$!
{
	archiveVersion = 1;
	classes = {
	};
	objectVersion = 46;
	objects = {

/* Begin PBXBuildFile section */
		65FB187E1C33D43A008673D1 /* AppDelegate.swift in Sources */ = {isa = PBXBuildFile; fileRef = 65FB187D1C33D43A008673D1 /* AppDelegate.swift */; };
		65FB18801C33D43A008673D1 /* ViewController.swift in Sources */ = {isa = PBXBuildFile; fileRef = 65FB187F1C33D43A008673D1 /* ViewController.swift */; };
		65FB18831C33D43A008673D1 /* Main.storyboard in Resources */ = {isa = PBXBuildFile; fileRef = 65FB18811C33D43A008673D1 /* Main.storyboard */; };
		65FB18851C33D43A008673D1 /* Assets.xcassets in Resources */ = {isa = PBXBuildFile; fileRef = 65FB18841C33D43A008673D1 /* Assets.xcassets */; };
		65FB18881C33D43A008673D1 /* LaunchScreen.storyboard in Resources */ = {isa = PBXBuildFile; fileRef = 65FB18861C33D43A008673D1 /* LaunchScreen.storyboard */; };
		65FB189A1C341A83008673D1 /* 1.tiff in Resources */ = {isa = PBXBuildFile; fileRef = 65FB18991C341A83008673D1 /* 1.tiff */; };
		65FB189C1C341A95008673D1 /* 2.tiff in Resources */ = {isa = PBXBuildFile; fileRef = 65FB189B1C341A95008673D1 /* 2.tiff */; };
		65FB18A01C341AE2008673D1 /* 3.tiff in Resources */ = {isa = PBXBuildFile; fileRef = 65FB189D1C341AE2008673D1 /* 3.tiff */; };
		65FB18A11C341AE2008673D1 /* 4.tiff in Resources */ = {isa = PBXBuildFile; fileRef = 65FB189E1C341AE2008673D1 /* 4.tiff */; };
		65FB18A21C341AE2008673D1 /* 5.tiff in Resources */ = {isa = PBXBuildFile; fileRef = 65FB189F1C341AE2008673D1 /* 5.tiff */; };
/* End PBXBuildFile section */

/* Begin PBXFileReference section */
		65FB187A1C33D43A008673D1 /* animation.app */ = {isa = PBXFileReference; explicitFileType = wrapper.application; includeInIndex = 0; path = animation.app; sourceTree = BUILT_PRODUCTS_DIR; };
		65FB187D1C33D43A008673D1 /* AppDelegate.swift */ = {isa = PBXFileReference; lastKnownFileType = sourcecode.swift; path = AppDelegate.swift; sourceTree = "<group>"; };
		65FB187F1C33D43A008673D1 /* ViewController.swift */ = {isa = PBXFileReference; lastKnownFileType = sourcecode.swift; path = ViewController.swift; sourceTree = "<group>"; };
		65FB18821C33D43A008673D1 /* Base */ = {isa = PBXFileReference; lastKnownFileType = file.storyboard; name = Base; path = Base.lproj/Main.storyboard; sourceTree = "<group>"; };
		65FB18841C33D43A008673D1 /* Assets.xcassets */ = {isa = PBXFileReference; lastKnownFileType = folder.assetcatalog; path = Assets.xcassets; sourceTree = "<group>"; };
		65FB18871C33D43A008673D1 /* Base */ = {isa = PBXFileReference; lastKnownFileType = file.storyboard; name = Base; path = Base.lproj/LaunchScreen.storyboard; sourceTree = "<group>"; };
		65FB18891C33D43A008673D1 /* Info.plist */ = {isa = PBXFileReference; lastKnownFileType = text.plist.xml; path = Info.plist; sourceTree = "<group>"; };
		65FB18991C341A83008673D1 /* 1.tiff */ = {isa = PBXFileReference; lastKnownFileType = image.tiff; path = 1.tiff; sourceTree = SOURCE_ROOT; };
		65FB189B1C341A95008673D1 /* 2.tiff */ = {isa = PBXFileReference; lastKnownFileType = image.tiff; path = 2.tiff; sourceTree = SOURCE_ROOT; };
		65FB189D1C341AE2008673D1 /* 3.tiff */ = {isa = PBXFileReference; lastKnownFileType = image.tiff; path = 3.tiff; sourceTree = SOURCE_ROOT; };
		65FB189E1C341AE2008673D1 /* 4.tiff */ = {isa = PBXFileReference; lastKnownFileType = image.tiff; path = 4.tiff; sourceTree = SOURCE_ROOT; };
		65FB189F1C341AE2008673D1 /* 5.tiff */ = {isa = PBXFileReference; lastKnownFileType = image.tiff; path = 5.tiff; sourceTree = SOURCE_ROOT; };
/* End PBXFileReference section */

/* Begin PBXFrameworksBuildPhase section */
		65FB18771C33D43A008673D1 /* Frameworks */ = {
			isa = PBXFrameworksBuildPhase;
			buildActionMask = 2147483647;
			files = (
			);
			runOnlyForDeploymentPostprocessing = 0;
		};
/* End PBXFrameworksBuildPhase section */

/* Begin PBXGroup section */
		65FB18711C33D43A008673D1 = {
			isa = PBXGroup;
			children = (
				65FB187C1C33D43A008673D1 /* animation */,
				65FB187B1C33D43A008673D1 /* Products */,
			);
			sourceTree = "<group>";
		};
		65FB187B1C33D43A008673D1 /* Products */ = {
			isa = PBXGroup;
			children = (
				65FB187A1C33D43A008673D1 /* animation.app */,
			);
			name = Products;
			sourceTree = "<group>";
		};
		65FB187C1C33D43A008673D1 /* animation */ = {
			isa = PBXGroup;
			children = (
				65FB187D1C33D43A008673D1 /* AppDelegate.swift */,
				65FB187F1C33D43A008673D1 /* ViewController.swift */,
				65FB18811C33D43A008673D1 /* Main.storyboard */,
				65FB18991C341A83008673D1 /* 1.tiff */,
				65FB189B1C341A95008673D1 /* 2.tiff */,
				65FB189D1C341AE2008673D1 /* 3.tiff */,
				65FB189E1C341AE2008673D1 /* 4.tiff */,
				65FB189F1C341AE2008673D1 /* 5.tiff */,
				65FB18841C33D43A008673D1 /* Assets.xcassets */,
				65FB18861C33D43A008673D1 /* LaunchScreen.storyboard */,
				65FB18891C33D43A008673D1 /* Info.plist */,
			);
			path = animation;
			sourceTree = "<group>";
		};
/* End PBXGroup section */

/* Begin PBXNativeTarget section */
		65FB18791C33D43A008673D1 /* animation */ = {
			isa = PBXNativeTarget;
			buildConfigurationList = 65FB188C1C33D43A008673D1 /* Build configuration list for PBXNativeTarget "animation" */;
			buildPhases = (
				65FB18761C33D43A008673D1 /* Sources */,
				65FB18771C33D43A008673D1 /* Frameworks */,
				65FB18781C33D43A008673D1 /* Resources */,
			);
			buildRules = (
			);
			dependencies = (
			);
			name = animation;
			productName = animation;
			productReference = 65FB187A1C33D43A008673D1 /* animation.app */;
			productType = "com.apple.product-type.application";
		};
/* End PBXNativeTarget section */

/* Begin PBXProject section */
		65FB18721C33D43A008673D1 /* Project object */ = {
			isa = PBXProject;
			attributes = {
				LastSwiftUpdateCheck = 0720;
				LastUpgradeCheck = 0720;
				ORGANIZATIONNAME = "迫 佑樹";
				TargetAttributes = {
					65FB18791C33D43A008673D1 = {
						CreatedOnToolsVersion = 7.2;
						DevelopmentTeam = 5M8P7CU8H5;
					};
				};
			};
			buildConfigurationList = 65FB18751C33D43A008673D1 /* Build configuration list for PBXProject "animation" */;
			compatibilityVersion = "Xcode 3.2";
			developmentRegion = English;
			hasScannedForEncodings = 0;
			knownRegions = (
				en,
				Base,
			);
			mainGroup = 65FB18711C33D43A008673D1;
			productRefGroup = 65FB187B1C33D43A008673D1 /* Products */;
			projectDirPath = "";
			projectRoot = "";
			targets = (
				65FB18791C33D43A008673D1 /* animation */,
			);
		};
/* End PBXProject section */

/* Begin PBXResourcesBuildPhase section */
		65FB18781C33D43A008673D1 /* Resources */ = {
			isa = PBXResourcesBuildPhase;
			buildActionMask = 2147483647;
			files = (
				65FB189C1C341A95008673D1 /* 2.tiff in Resources */,
				65FB18881C33D43A008673D1 /* LaunchScreen.storyboard in Resources */,
				65FB18A21C341AE2008673D1 /* 5.tiff in Resources */,
				65FB18851C33D43A008673D1 /* Assets.xcassets in Resources */,
				65FB189A1C341A83008673D1 /* 1.tiff in Resources */,
				65FB18A01C341AE2008673D1 /* 3.tiff in Resources */,
				65FB18831C33D43A008673D1 /* Main.storyboard in Resources */,
				65FB18A11C341AE2008673D1 /* 4.tiff in Resources */,
			);
			runOnlyForDeploymentPostprocessing = 0;
		};
/* End PBXResourcesBuildPhase section */

/* Begin PBXSourcesBuildPhase section */
		65FB18761C33D43A008673D1 /* Sources */ = {
			isa = PBXSourcesBuildPhase;
			buildActionMask = 2147483647;
			files = (
				65FB18801C33D43A008673D1 /* ViewController.swift in Sources */,
				65FB187E1C33D43A008673D1 /* AppDelegate.swift in Sources */,
			);
			runOnlyForDeploymentPostprocessing = 0;
		};
/* End PBXSourcesBuildPhase section */

/* Begin PBXVariantGroup section */
		65FB18811C33D43A008673D1 /* Main.storyboard */ = {
			isa = PBXVariantGroup;
			children = (
				65FB18821C33D43A008673D1 /* Base */,
			);
			name = Main.storyboard;
			sourceTree = "<group>";
		};
		65FB18861C33D43A008673D1 /* LaunchScreen.storyboard */ = {
			isa = PBXVariantGroup;
			children = (
				65FB18871C33D43A008673D1 /* Base */,
			);
			name = LaunchScreen.storyboard;
			sourceTree = "<group>";
		};
/* End PBXVariantGroup section */

/* Begin XCBuildConfiguration section */
		65FB188A1C33D43A008673D1 /* Debug */ = {
			isa = XCBuildConfiguration;
			buildSettings = {
				ALWAYS_SEARCH_USER_PATHS = NO;
				CLANG_CXX_LANGUAGE_STANDARD = "gnu++0x";
				CLANG_CXX_LIBRARY = "libc++";
				CLANG_ENABLE_MODULES = YES;
				CLANG_ENABLE_OBJC_ARC = YES;
				CLANG_WARN_BOOL_CONVERSION = YES;
				CLANG_WARN_CONSTANT_CONVERSION = YES;
				CLANG_WARN_DIRECT_OBJC_ISA_USAGE = YES_ERROR;
				CLANG_WARN_EMPTY_BODY = YES;
				CLANG_WARN_ENUM_CONVERSION = YES;
				CLANG_WARN_INT_CONVERSION = YES;
				CLANG_WARN_OBJC_ROOT_CLASS = YES_ERROR;
				CLANG_WARN_UNREACHABLE_CODE = YES;
				CLANG_WARN__DUPLICATE_METHOD_MATCH = YES;
				"CODE_SIGN_IDENTITY[sdk=iphoneos*]" = "iPhone Developer";
				COPY_PHASE_STRIP = NO;
				DEBUG_INFORMATION_FORMAT = dwarf;
				ENABLE_STRICT_OBJC_MSGSEND = YES;
				ENABLE_TESTABILITY = YES;
				GCC_C_LANGUAGE_STANDARD = gnu99;
				GCC_DYNAMIC_NO_PIC = NO;
				GCC_NO_COMMON_BLOCKS = YES;
				GCC_OPTIMIZATION_LEVEL = 0;
				GCC_PREPROCESSOR_DEFINITIONS = (
					"DEBUG=1",
					"$(inherited)",
				);
				GCC_WARN_64_TO_32_BIT_CONVERSION = YES;
				GCC_WARN_ABOUT_RETURN_TYPE = YES_ERROR;
				GCC_WARN_UNDECLARED_SELECTOR = YES;
				GCC_WARN_UNINITIALIZED_AUTOS = YES_AGGRESSIVE;
				GCC_WARN_UNUSED_FUNCTION = YES;
				GCC_WARN_UNUSED_VARIABLE = YES;
				IPHONEOS_DEPLOYMENT_TARGET = 9.2;
				MTL_ENABLE_DEBUG_INFO = YES;
				ONLY_ACTIVE_ARCH = YES;
				SDKROOT = iphoneos;
				SWIFT_OPTIMIZATION_LEVEL = "-Onone";
			};
			name = Debug;
		};
		65FB188B1C33D43A008673D1 /* Release */ = {
			isa = XCBuildConfiguration;
			buildSettings = {
				ALWAYS_SEARCH_USER_PATHS = NO;
				CLANG_CXX_LANGUAGE_STANDARD = "gnu++0x";
				CLANG_CXX_LIBRARY = "libc++";
				CLANG_ENABLE_MODULES = YES;
				CLANG_ENABLE_OBJC_ARC = YES;
				CLANG_WARN_BOOL_CONVERSION = YES;
				CLANG_WARN_CONSTANT_CONVERSION = YES;
				CLANG_WARN_DIRECT_OBJC_ISA_USAGE = YES_ERROR;
				CLANG_WARN_EMPTY_BODY = YES;
				CLANG_WARN_ENUM_CONVERSION = YES;
				CLANG_WARN_INT_CONVERSION = YES;
				CLANG_WARN_OBJC_ROOT_CLASS = YES_ERROR;
				CLANG_WARN_UNREACHABLE_CODE = YES;
				CLANG_WARN__DUPLICATE_METHOD_MATCH = YES;
				"CODE_SIGN_IDENTITY[sdk=iphoneos*]" = "iPhone Developer";
				COPY_PHASE_STRIP = NO;
				DEBUG_INFORMATION_FORMAT = "dwarf-with-dsym";
				ENABLE_NS_ASSERTIONS = NO;
				ENABLE_STRICT_OBJC_MSGSEND = YES;
				GCC_C_LANGUAGE_STANDARD = gnu99;
				GCC_NO_COMMON_BLOCKS = YES;
				GCC_WARN_64_TO_32_BIT_CONVERSION = YES;
				GCC_WARN_ABOUT_RETURN_TYPE = YES_ERROR;
				GCC_WARN_UNDECLARED_SELECTOR = YES;
				GCC_WARN_UNINITIALIZED_AUTOS = YES_AGGRESSIVE;
				GCC_WARN_UNUSED_FUNCTION = YES;
				GCC_WARN_UNUSED_VARIABLE = YES;
				IPHONEOS_DEPLOYMENT_TARGET = 9.2;
				MTL_ENABLE_DEBUG_INFO = NO;
				SDKROOT = iphoneos;
				VALIDATE_PRODUCT = YES;
			};
			name = Release;
		};
		65FB188D1C33D43A008673D1 /* Debug */ = {
			isa = XCBuildConfiguration;
			buildSettings = {
				ASSETCATALOG_COMPILER_APPICON_NAME = AppIcon;
				INFOPLIST_FILE = animation/Info.plist;
				LD_RUNPATH_SEARCH_PATHS = "$(inherited) @executable_path/Frameworks";
				PRODUCT_BUNDLE_IDENTIFIER = io.github.yukisako.animation;
				PRODUCT_NAME = "$(TARGET_NAME)";
			};
			name = Debug;
		};
		65FB188E1C33D43A008673D1 /* Release */ = {
			isa = XCBuildConfiguration;
			buildSettings = {
				ASSETCATALOG_COMPILER_APPICON_NAME = AppIcon;
				INFOPLIST_FILE = animation/Info.plist;
				LD_RUNPATH_SEARCH_PATHS = "$(inherited) @executable_path/Frameworks";
				PRODUCT_BUNDLE_IDENTIFIER = io.github.yukisako.animation;
				PRODUCT_NAME = "$(TARGET_NAME)";
			};
			name = Release;
		};
/* End XCBuildConfiguration section */

/* Begin XCConfigurationList section */
		65FB18751C33D43A008673D1 /* Build configuration list for PBXProject "animation" */ = {
			isa = XCConfigurationList;
			buildConfigurations = (
				65FB188A1C33D43A008673D1 /* Debug */,
				65FB188B1C33D43A008673D1 /* Release */,
			);
			defaultConfigurationIsVisible = 0;
			defaultConfigurationName = Release;
		};
		65FB188C1C33D43A008673D1 /* Build configuration list for PBXNativeTarget "animation" */ = {
			isa = XCConfigurationList;
			buildConfigurations = (
				65FB188D1C33D43A008673D1 /* Debug */,
				65FB188E1C33D43A008673D1 /* Release */,
			);
			defaultConfigurationIsVisible = 0;
		};
/* End XCConfigurationList section */
	};
	rootObject = 65FB18721C33D43A008673D1 /* Project object */;
}
